
Microsoft Visual Studio Solution File, Format Version 12.00
# Visual Studio Version 17
VisualStudioVersion = 17.10.35004.147
MinimumVisualStudioVersion = 10.0.40219.1
Project("{9A19103F-16F7-4668-BE54-9A1E7A4F7556}") = "rental.WebAPI", "src\rental.WebAPI\rental.WebAPI.csproj", "{440FC9F1-173D-48C4-8DEE-B1F4E68CC48F}"
EndProject
Project("{2150E333-8FDC-42A3-9474-1A3956D46DE8}") = "Presentation", "Presentation", "{367FF1C0-1559-4A5C-9B1F-FFC6D61BB8E1}"
EndProject
Project("{2150E333-8FDC-42A3-9474-1A3956D46DE8}") = "Domain", "Domain", "{24F917CC-085F-4AEF-8BDD-20D8DAC2CCED}"
EndProject
Project("{FAE04EC0-301F-11D3-BF4B-00C04F79EFBC}") = "rental.Domain", "src\rental.Domain\rental.Domain.csproj", "{DBC41CF0-CC23-4E7B-9C9E-E0E20A584418}"
EndProject
Project("{FAE04EC0-301F-11D3-BF4B-00C04F79EFBC}") = "rental.Dto", "src\rental.Dto\rental.Dto.csproj", "{419E7673-33A2-44CA-9844-2474B47AD4DB}"
EndProject
Project("{FAE04EC0-301F-11D3-BF4B-00C04F79EFBC}") = "rental.Persistence", "src\rental.Persistence\rental.Persistence.csproj", "{55E82CA5-62F5-441C-8913-C43438610E05}"
EndProject
Project("{2150E333-8FDC-42A3-9474-1A3956D46DE8}") = "Test", "Test", "{3AAEE805-2C85-4427-AF27-FB61A3109D87}"
EndProject
Project("{FAE04EC0-301F-11D3-BF4B-00C04F79EFBC}") = "rental.Test", "src\rental.Test\rental.Test.csproj", "{49184EDE-6204-4A95-9F97-F9CEAED39274}"
EndProject
Project("{2150E333-8FDC-42A3-9474-1A3956D46DE8}") = "Commom", "Commom", "{31D4E508-E9C5-43BD-AE78-797BB6BB4C42}"
EndProject
Project("{FAE04EC0-301F-11D3-BF4B-00C04F79EFBC}") = "rental.Util", "src\rental.Util\rental.Util.csproj", "{01A98498-29C8-456F-AE1A-2181A3104FC8}"
EndProject
Global
	GlobalSection(SolutionConfigurationPlatforms) = preSolution
		Debug|Any CPU = Debug|Any CPU
		Release|Any CPU = Release|Any CPU
	EndGlobalSection
	GlobalSection(ProjectConfigurationPlatforms) = postSolution
		{440FC9F1-173D-48C4-8DEE-B1F4E68CC48F}.Debug|Any CPU.ActiveCfg = Debug|Any CPU
		{440FC9F1-173D-48C4-8DEE-B1F4E68CC48F}.Debug|Any CPU.Build.0 = Debug|Any CPU
		{440FC9F1-173D-48C4-8DEE-B1F4E68CC48F}.Release|Any CPU.ActiveCfg = Release|Any CPU
		{440FC9F1-173D-48C4-8DEE-B1F4E68CC48F}.Release|Any CPU.Build.0 = Release|Any CPU
		{DBC41CF0-CC23-4E7B-9C9E-E0E20A584418}.Debug|Any CPU.ActiveCfg = Debug|Any CPU
		{DBC41CF0-CC23-4E7B-9C9E-E0E20A584418}.Debug|Any CPU.Build.0 = Debug|Any CPU
		{DBC41CF0-CC23-4E7B-9C9E-E0E20A584418}.Release|Any CPU.ActiveCfg = Release|Any CPU
		{DBC41CF0-CC23-4E7B-9C9E-E0E20A584418}.Release|Any CPU.Build.0 = Release|Any CPU
		{419E7673-33A2-44CA-9844-2474B47AD4DB}.Debug|Any CPU.ActiveCfg = Debug|Any CPU
		{419E7673-33A2-44CA-9844-2474B47AD4DB}.Debug|Any CPU.Build.0 = Debug|Any CPU
		{419E7673-33A2-44CA-9844-2474B47AD4DB}.Release|Any CPU.ActiveCfg = Release|Any CPU
		{419E7673-33A2-44CA-9844-2474B47AD4DB}.Release|Any CPU.Build.0 = Release|Any CPU
		{55E82CA5-62F5-441C-8913-C43438610E05}.Debug|Any CPU.ActiveCfg = Debug|Any CPU
		{55E82CA5-62F5-441C-8913-C43438610E05}.Debug|Any CPU.Build.0 = Debug|Any CPU
		{55E82CA5-62F5-441C-8913-C43438610E05}.Release|Any CPU.ActiveCfg = Release|Any CPU
		{55E82CA5-62F5-441C-8913-C43438610E05}.Release|Any CPU.Build.0 = Release|Any CPU
		{49184EDE-6204-4A95-9F97-F9CEAED39274}.Debug|Any CPU.ActiveCfg = Debug|Any CPU
		{49184EDE-6204-4A95-9F97-F9CEAED39274}.Debug|Any CPU.Build.0 = Debug|Any CPU
		{49184EDE-6204-4A95-9F97-F9CEAED39274}.Release|Any CPU.ActiveCfg = Release|Any CPU
		{49184EDE-6204-4A95-9F97-F9CEAED39274}.Release|Any CPU.Build.0 = Release|Any CPU
		{01A98498-29C8-456F-AE1A-2181A3104FC8}.Debug|Any CPU.ActiveCfg = Debug|Any CPU
		{01A98498-29C8-456F-AE1A-2181A3104FC8}.Debug|Any CPU.Build.0 = Debug|Any CPU
		{01A98498-29C8-456F-AE1A-2181A3104FC8}.Release|Any CPU.ActiveCfg = Release|Any CPU
		{01A98498-29C8-456F-AE1A-2181A3104FC8}.Release|Any CPU.Build.0 = Release|Any CPU
	EndGlobalSection
	GlobalSection(SolutionProperties) = preSolution
		HideSolutionNode = FALSE
	EndGlobalSection
	GlobalSection(NestedProjects) = preSolution
		{440FC9F1-173D-48C4-8DEE-B1F4E68CC48F} = {367FF1C0-1559-4A5C-9B1F-FFC6D61BB8E1}
		{DBC41CF0-CC23-4E7B-9C9E-E0E20A584418} = {24F917CC-085F-4AEF-8BDD-20D8DAC2CCED}
		{419E7673-33A2-44CA-9844-2474B47AD4DB} = {24F917CC-085F-4AEF-8BDD-20D8DAC2CCED}
		{55E82CA5-62F5-441C-8913-C43438610E05} = {24F917CC-085F-4AEF-8BDD-20D8DAC2CCED}
		{49184EDE-6204-4A95-9F97-F9CEAED39274} = {3AAEE805-2C85-4427-AF27-FB61A3109D87}
		{01A98498-29C8-456F-AE1A-2181A3104FC8} = {31D4E508-E9C5-43BD-AE78-797BB6BB4C42}
	EndGlobalSection
	GlobalSection(ExtensibilityGlobals) = postSolution
		SolutionGuid = {2200F68B-AD8D-4DE1-B262-55BE5498A612}
	EndGlobalSection
EndGlobal
