
Microsoft Visual Studio Solution File, Format Version 12.00
# Visual Studio Version 17
VisualStudioVersion = 17.10.35004.147
MinimumVisualStudioVersion = 10.0.40219.1
Project("{9A19103F-16F7-4668-BE54-9A1E7A4F7556}") = "rental.WebAPI", "src\rental.WebAPI\rental.WebAPI.csproj", "{440FC9F1-173D-48C4-8DEE-B1F4E68CC48F}"
EndProject
Global
	GlobalSection(SolutionConfigurationPlatforms) = preSolution
		Debug|Any CPU = Debug|Any CPU
		Release|Any CPU = Release|Any CPU
	EndGlobalSection
	GlobalSection(ProjectConfigurationPlatforms) = postSolution
		{440FC9F1-173D-48C4-8DEE-B1F4E68CC48F}.Debug|Any CPU.ActiveCfg = Debug|Any CPU
		{440FC9F1-173D-48C4-8DEE-B1F4E68CC48F}.Debug|Any CPU.Build.0 = Debug|Any CPU
		{440FC9F1-173D-48C4-8DEE-B1F4E68CC48F}.Release|Any CPU.ActiveCfg = Release|Any CPU
		{440FC9F1-173D-48C4-8DEE-B1F4E68CC48F}.Release|Any CPU.Build.0 = Release|Any CPU
	EndGlobalSection
	GlobalSection(SolutionProperties) = preSolution
		HideSolutionNode = FALSE
	EndGlobalSection
	GlobalSection(ExtensibilityGlobals) = postSolution
		SolutionGuid = {2200F68B-AD8D-4DE1-B262-55BE5498A612}
	EndGlobalSection
EndGlobal
